{
  "version": 4,
  "terraform_version": "1.4.6",
  "serial": 13,
  "lineage": "59ab5e7f-deb1-6c81-eacb-c7454eaba42a",
  "outputs": {
    "external_ip_address_node01": {
      "value": "158.160.107.57",
      "type": "string"
    },
    "external_ip_address_node02": {
      "value": "158.160.104.158",
      "type": "string"
    },
    "external_ip_address_node03": {
      "value": "84.201.131.35",
      "type": "string"
    },
    "external_ip_address_node04": {
      "value": "158.160.107.9",
      "type": "string"
    },
    "external_ip_address_node05": {
      "value": "158.160.40.210",
      "type": "string"
    },
    "external_ip_address_node06": {
      "value": "158.160.59.210",
      "type": "string"
    },
    "internal_ip_address_node01": {
      "value": "192.168.101.11",
      "type": "string"
    },
    "internal_ip_address_node02": {
      "value": "192.168.101.12",
      "type": "string"
    },
    "internal_ip_address_node03": {
      "value": "192.168.101.13",
      "type": "string"
    },
    "internal_ip_address_node04": {
      "value": "192.168.101.14",
      "type": "string"
    },
    "internal_ip_address_node05": {
      "value": "192.168.101.15",
      "type": "string"
    },
    "internal_ip_address_node06": {
      "value": "192.168.101.16",
      "type": "string"
    }
  },
  "resources": [
    {
      "mode": "managed",
      "type": "local_file",
      "name": "inventory",
      "provider": "provider[\"registry.terraform.io/hashicorp/local\"]",
      "instances": [
        {
          "schema_version": 0,
          "attributes": {
            "content": "# Ansible inventory containing variable values from Terraform.\n# Generated by Terraform.\n\n[nodes:children]\nmanagers\nworkers\n\n[managers:children]\nactive\nstandby\n\n[active]\nnode01.netology.yc ansible_host=158.160.107.57\n\n[standby]\nnode02.netology.yc ansible_host=158.160.104.158\nnode03.netology.yc ansible_host=84.201.131.35\n\n[workers]\nnode04.netology.yc ansible_host=158.160.107.9\nnode05.netology.yc ansible_host=158.160.40.210\nnode06.netology.yc ansible_host=158.160.59.210\n",
            "content_base64": null,
            "content_base64sha256": "9zGPR/cV/TUVdPhdtXs9vkwfIXllfvwuD1elt6ylvuI=",
            "content_base64sha512": "nRSTen6+Gc6f28SAxuWPIf3Ia6+k7gqmS96YNUtTiYHfn0alHIkNRFWBkLnGL3jO8EFB3MUFjlmWGrd9J74aFg==",
            "content_md5": "819ce22c0097f673b3b9214a59cfe914",
            "content_sha1": "6b5ea0a289b3d02bf866aee12ae15ce38189e315",
            "content_sha256": "f7318f47f715fd351574f85db57b3dbe4c1f2179657efc2e0f57a5b7aca5bee2",
            "content_sha512": "9d14937a7ebe19ce9fdbc480c6e58f21fdc86bafa4ee0aa64bde98354b538981df9f46a51c890d44558190b9c62f78cef04141dcc5058e59961ab77d27be1a16",
            "directory_permission": "0777",
            "file_permission": "0777",
            "filename": "../ansible/inventory",
            "id": "6b5ea0a289b3d02bf866aee12ae15ce38189e315",
            "sensitive_content": null,
            "source": null
          },
          "sensitive_attributes": [],
          "dependencies": [
            "yandex_compute_instance.node01",
            "yandex_compute_instance.node02",
            "yandex_compute_instance.node03",
            "yandex_compute_instance.node04",
            "yandex_compute_instance.node05",
            "yandex_compute_instance.node06",
            "yandex_vpc_network.default",
            "yandex_vpc_subnet.default"
          ]
        }
      ]
    },
    {
      "mode": "managed",
      "type": "null_resource",
      "name": "cluster",
      "provider": "provider[\"registry.terraform.io/hashicorp/null\"]",
      "instances": [
        {
          "status": "tainted",
          "schema_version": 0,
          "attributes": {
            "id": "119477626020159448",
            "triggers": null
          },
          "sensitive_attributes": [],
          "dependencies": [
            "local_file.inventory",
            "null_resource.wait",
            "yandex_compute_instance.node01",
            "yandex_compute_instance.node02",
            "yandex_compute_instance.node03",
            "yandex_compute_instance.node04",
            "yandex_compute_instance.node05",
            "yandex_compute_instance.node06",
            "yandex_vpc_network.default",
            "yandex_vpc_subnet.default"
          ]
        }
      ]
    },
    {
      "mode": "managed",
      "type": "null_resource",
      "name": "monitoring",
      "provider": "provider[\"registry.terraform.io/hashicorp/null\"]",
      "instances": []
    },
    {
      "mode": "managed",
      "type": "null_resource",
      "name": "sync",
      "provider": "provider[\"registry.terraform.io/hashicorp/null\"]",
      "instances": []
    },
    {
      "mode": "managed",
      "type": "null_resource",
      "name": "wait",
      "provider": "provider[\"registry.terraform.io/hashicorp/null\"]",
      "instances": [
        {
          "schema_version": 0,
          "attributes": {
            "id": "5817102638687010266",
            "triggers": null
          },
          "sensitive_attributes": [],
          "dependencies": [
            "local_file.inventory",
            "yandex_compute_instance.node01",
            "yandex_compute_instance.node02",
            "yandex_compute_instance.node03",
            "yandex_compute_instance.node04",
            "yandex_compute_instance.node05",
            "yandex_compute_instance.node06",
            "yandex_vpc_network.default",
            "yandex_vpc_subnet.default"
          ]
        }
      ]
    },
    {
      "mode": "managed",
      "type": "yandex_compute_instance",
      "name": "node01",
      "provider": "provider[\"registry.terraform.io/yandex-cloud/yandex\"]",
      "instances": [
        {
          "schema_version": 1,
          "attributes": {
            "allow_recreate": null,
            "allow_stopping_for_update": true,
            "boot_disk": [
              {
                "auto_delete": true,
                "device_name": "fhm59n5p830b252vfuar",
                "disk_id": "fhm59n5p830b252vfuar",
                "initialize_params": [
                  {
                    "block_size": 4096,
                    "description": "",
                    "image_id": "fd8o1icpf5irv2up1nta",
                    "name": "root-node01",
                    "size": 10,
                    "snapshot_id": "",
                    "type": "network-ssd"
                  }
                ],
                "mode": "READ_WRITE"
              }
            ],
            "created_at": "2023-05-19T12:04:46Z",
            "description": "",
            "filesystem": [],
            "folder_id": "b1g1vpnntsl2uu60vg3l",
            "fqdn": "node01.netology.yc",
            "gpu_cluster_id": "",
            "hostname": "node01.netology.yc",
            "id": "fhmoj5bdj6trh39olm1g",
            "labels": null,
            "local_disk": [],
            "metadata": {
              "ssh-keys": "centos:ssh-rsa AAAAB3NzaC1yc2EAAAADAQABAAABgQCrMkvsxpUsQKpsD5AHb9Y/X3/cxEBv4bPEGuTH5MN/3YZX5zSzX+dqxzr1Yg9BOx8srw2k9cQVvgaq/vrlHdlX2miQ4BKCoNg0tmjccjQ41NXKOAjpells7H9nQbJoRanw9RXaGoq9di5bHcp4uP7w6XkBmn/vDBTWvT5fXUIISci/Jev+egRKbMxQe+f9Gt9Hd1ciuOOr63mKZDIK+z0iwU1c0JFi49yU6viVkUKGU/DNZZ0Gf63P8qoxP4EM6GDRRKILxGk4/Ij31UwEntWI5loW09jAuUw5j4VHOVEOtLde48WS4FZwiAZypIUFABKj2d3K8ki67WgNrh4aute6zm6qIxQV0IpOXrm7jionNZvEuBlsZyfqjIoE7tyVvxsof8ghVm9TMdgCIq4i17orzhgmuG464ncA7nevotTKmBRCQAZNkWa2E3NK6HuOij8bxvJTQiO0elRm4hUB/0yJrjlxoba8CxNlsUXy5boz7GSX5gfK/LYMenyXutUxQ30= erick@erick-nitro\n"
            },
            "metadata_options": [
              {
                "aws_v1_http_endpoint": 1,
                "aws_v1_http_token": 2,
                "gce_http_endpoint": 1,
                "gce_http_token": 1
              }
            ],
            "name": "node01",
            "network_acceleration_type": "standard",
            "network_interface": [
              {
                "dns_record": [],
                "index": 0,
                "ip_address": "192.168.101.11",
                "ipv4": true,
                "ipv6": false,
                "ipv6_address": "",
                "ipv6_dns_record": [],
                "mac_address": "d0:0d:18:99:56:d9",
                "nat": true,
                "nat_dns_record": [],
                "nat_ip_address": "158.160.107.57",
                "nat_ip_version": "IPV4",
                "security_group_ids": [],
                "subnet_id": "e9bch86d3ge41bde9va0"
              }
            ],
            "placement_policy": [
              {
                "host_affinity_rules": [],
                "placement_group_id": ""
              }
            ],
            "platform_id": "standard-v1",
            "resources": [
              {
                "core_fraction": 100,
                "cores": 4,
                "gpus": 0,
                "memory": 8
              }
            ],
            "scheduling_policy": [
              {
                "preemptible": false
              }
            ],
            "secondary_disk": [],
            "service_account_id": "",
            "status": "running",
            "timeouts": null,
            "zone": "ru-central1-a"
          },
          "sensitive_attributes": [],
          "private": "eyJlMmJmYjczMC1lY2FhLTExZTYtOGY4OC0zNDM2M2JjN2M0YzAiOnsiY3JlYXRlIjozMDAwMDAwMDAwMDAsImRlbGV0ZSI6MzAwMDAwMDAwMDAwLCJ1cGRhdGUiOjMwMDAwMDAwMDAwMH0sInNjaGVtYV92ZXJzaW9uIjoiMSJ9",
          "dependencies": [
            "yandex_vpc_network.default",
            "yandex_vpc_subnet.default"
          ]
        }
      ]
    },
    {
      "mode": "managed",
      "type": "yandex_compute_instance",
      "name": "node02",
      "provider": "provider[\"registry.terraform.io/yandex-cloud/yandex\"]",
      "instances": [
        {
          "schema_version": 1,
          "attributes": {
            "allow_recreate": null,
            "allow_stopping_for_update": true,
            "boot_disk": [
              {
                "auto_delete": true,
                "device_name": "fhmtjg29fkpphg5nkf6e",
                "disk_id": "fhmtjg29fkpphg5nkf6e",
                "initialize_params": [
                  {
                    "block_size": 4096,
                    "description": "",
                    "image_id": "fd8o1icpf5irv2up1nta",
                    "name": "root-node02",
                    "size": 10,
                    "snapshot_id": "",
                    "type": "network-ssd"
                  }
                ],
                "mode": "READ_WRITE"
              }
            ],
            "created_at": "2023-05-19T12:04:47Z",
            "description": "",
            "filesystem": [],
            "folder_id": "b1g1vpnntsl2uu60vg3l",
            "fqdn": "node02.netology.yc",
            "gpu_cluster_id": "",
            "hostname": "node02.netology.yc",
            "id": "fhmuomvcj9qsglltjngp",
            "labels": null,
            "local_disk": [],
            "metadata": {
              "ssh-keys": "centos:ssh-rsa AAAAB3NzaC1yc2EAAAADAQABAAABgQCrMkvsxpUsQKpsD5AHb9Y/X3/cxEBv4bPEGuTH5MN/3YZX5zSzX+dqxzr1Yg9BOx8srw2k9cQVvgaq/vrlHdlX2miQ4BKCoNg0tmjccjQ41NXKOAjpells7H9nQbJoRanw9RXaGoq9di5bHcp4uP7w6XkBmn/vDBTWvT5fXUIISci/Jev+egRKbMxQe+f9Gt9Hd1ciuOOr63mKZDIK+z0iwU1c0JFi49yU6viVkUKGU/DNZZ0Gf63P8qoxP4EM6GDRRKILxGk4/Ij31UwEntWI5loW09jAuUw5j4VHOVEOtLde48WS4FZwiAZypIUFABKj2d3K8ki67WgNrh4aute6zm6qIxQV0IpOXrm7jionNZvEuBlsZyfqjIoE7tyVvxsof8ghVm9TMdgCIq4i17orzhgmuG464ncA7nevotTKmBRCQAZNkWa2E3NK6HuOij8bxvJTQiO0elRm4hUB/0yJrjlxoba8CxNlsUXy5boz7GSX5gfK/LYMenyXutUxQ30= erick@erick-nitro\n"
            },
            "metadata_options": [
              {
                "aws_v1_http_endpoint": 1,
                "aws_v1_http_token": 2,
                "gce_http_endpoint": 1,
                "gce_http_token": 1
              }
            ],
            "name": "node02",
            "network_acceleration_type": "standard",
            "network_interface": [
              {
                "dns_record": [],
                "index": 0,
                "ip_address": "192.168.101.12",
                "ipv4": true,
                "ipv6": false,
                "ipv6_address": "",
                "ipv6_dns_record": [],
                "mac_address": "d0:0d:1e:c5:be:c9",
                "nat": true,
                "nat_dns_record": [],
                "nat_ip_address": "158.160.104.158",
                "nat_ip_version": "IPV4",
                "security_group_ids": [],
                "subnet_id": "e9bch86d3ge41bde9va0"
              }
            ],
            "placement_policy": [
              {
                "host_affinity_rules": [],
                "placement_group_id": ""
              }
            ],
            "platform_id": "standard-v1",
            "resources": [
              {
                "core_fraction": 100,
                "cores": 4,
                "gpus": 0,
                "memory": 8
              }
            ],
            "scheduling_policy": [
              {
                "preemptible": false
              }
            ],
            "secondary_disk": [],
            "service_account_id": "",
            "status": "running",
            "timeouts": null,
            "zone": "ru-central1-a"
          },
          "sensitive_attributes": [],
          "private": "eyJlMmJmYjczMC1lY2FhLTExZTYtOGY4OC0zNDM2M2JjN2M0YzAiOnsiY3JlYXRlIjozMDAwMDAwMDAwMDAsImRlbGV0ZSI6MzAwMDAwMDAwMDAwLCJ1cGRhdGUiOjMwMDAwMDAwMDAwMH0sInNjaGVtYV92ZXJzaW9uIjoiMSJ9",
          "dependencies": [
            "yandex_vpc_network.default",
            "yandex_vpc_subnet.default"
          ]
        }
      ]
    },
    {
      "mode": "managed",
      "type": "yandex_compute_instance",
      "name": "node03",
      "provider": "provider[\"registry.terraform.io/yandex-cloud/yandex\"]",
      "instances": [
        {
          "schema_version": 1,
          "attributes": {
            "allow_recreate": null,
            "allow_stopping_for_update": true,
            "boot_disk": [
              {
                "auto_delete": true,
                "device_name": "fhmtsfvrrjgbegi3l6ae",
                "disk_id": "fhmtsfvrrjgbegi3l6ae",
                "initialize_params": [
                  {
                    "block_size": 4096,
                    "description": "",
                    "image_id": "fd8o1icpf5irv2up1nta",
                    "name": "root-node03",
                    "size": 10,
                    "snapshot_id": "",
                    "type": "network-ssd"
                  }
                ],
                "mode": "READ_WRITE"
              }
            ],
            "created_at": "2023-05-19T12:04:47Z",
            "description": "",
            "filesystem": [],
            "folder_id": "b1g1vpnntsl2uu60vg3l",
            "fqdn": "node03.netology.yc",
            "gpu_cluster_id": "",
            "hostname": "node03.netology.yc",
            "id": "fhm17meqt93he253il54",
            "labels": null,
            "local_disk": [],
            "metadata": {
              "ssh-keys": "centos:ssh-rsa AAAAB3NzaC1yc2EAAAADAQABAAABgQCrMkvsxpUsQKpsD5AHb9Y/X3/cxEBv4bPEGuTH5MN/3YZX5zSzX+dqxzr1Yg9BOx8srw2k9cQVvgaq/vrlHdlX2miQ4BKCoNg0tmjccjQ41NXKOAjpells7H9nQbJoRanw9RXaGoq9di5bHcp4uP7w6XkBmn/vDBTWvT5fXUIISci/Jev+egRKbMxQe+f9Gt9Hd1ciuOOr63mKZDIK+z0iwU1c0JFi49yU6viVkUKGU/DNZZ0Gf63P8qoxP4EM6GDRRKILxGk4/Ij31UwEntWI5loW09jAuUw5j4VHOVEOtLde48WS4FZwiAZypIUFABKj2d3K8ki67WgNrh4aute6zm6qIxQV0IpOXrm7jionNZvEuBlsZyfqjIoE7tyVvxsof8ghVm9TMdgCIq4i17orzhgmuG464ncA7nevotTKmBRCQAZNkWa2E3NK6HuOij8bxvJTQiO0elRm4hUB/0yJrjlxoba8CxNlsUXy5boz7GSX5gfK/LYMenyXutUxQ30= erick@erick-nitro\n"
            },
            "metadata_options": [
              {
                "aws_v1_http_endpoint": 1,
                "aws_v1_http_token": 2,
                "gce_http_endpoint": 1,
                "gce_http_token": 1
              }
            ],
            "name": "node03",
            "network_acceleration_type": "standard",
            "network_interface": [
              {
                "dns_record": [],
                "index": 0,
                "ip_address": "192.168.101.13",
                "ipv4": true,
                "ipv6": false,
                "ipv6_address": "",
                "ipv6_dns_record": [],
                "mac_address": "d0:0d:13:d9:da:ea",
                "nat": true,
                "nat_dns_record": [],
                "nat_ip_address": "84.201.131.35",
                "nat_ip_version": "IPV4",
                "security_group_ids": [],
                "subnet_id": "e9bch86d3ge41bde9va0"
              }
            ],
            "placement_policy": [
              {
                "host_affinity_rules": [],
                "placement_group_id": ""
              }
            ],
            "platform_id": "standard-v1",
            "resources": [
              {
                "core_fraction": 100,
                "cores": 4,
                "gpus": 0,
                "memory": 8
              }
            ],
            "scheduling_policy": [
              {
                "preemptible": false
              }
            ],
            "secondary_disk": [],
            "service_account_id": "",
            "status": "running",
            "timeouts": null,
            "zone": "ru-central1-a"
          },
          "sensitive_attributes": [],
          "private": "eyJlMmJmYjczMC1lY2FhLTExZTYtOGY4OC0zNDM2M2JjN2M0YzAiOnsiY3JlYXRlIjozMDAwMDAwMDAwMDAsImRlbGV0ZSI6MzAwMDAwMDAwMDAwLCJ1cGRhdGUiOjMwMDAwMDAwMDAwMH0sInNjaGVtYV92ZXJzaW9uIjoiMSJ9",
          "dependencies": [
            "yandex_vpc_network.default",
            "yandex_vpc_subnet.default"
          ]
        }
      ]
    },
    {
      "mode": "managed",
      "type": "yandex_compute_instance",
      "name": "node04",
      "provider": "provider[\"registry.terraform.io/yandex-cloud/yandex\"]",
      "instances": [
        {
          "schema_version": 1,
          "attributes": {
            "allow_recreate": null,
            "allow_stopping_for_update": true,
            "boot_disk": [
              {
                "auto_delete": true,
                "device_name": "fhmtnfpvgi308g2pi8um",
                "disk_id": "fhmtnfpvgi308g2pi8um",
                "initialize_params": [
                  {
                    "block_size": 4096,
                    "description": "",
                    "image_id": "fd8o1icpf5irv2up1nta",
                    "name": "root-node04",
                    "size": 40,
                    "snapshot_id": "",
                    "type": "network-ssd"
                  }
                ],
                "mode": "READ_WRITE"
              }
            ],
            "created_at": "2023-05-19T12:04:46Z",
            "description": "",
            "filesystem": [],
            "folder_id": "b1g1vpnntsl2uu60vg3l",
            "fqdn": "node04.netology.yc",
            "gpu_cluster_id": "",
            "hostname": "node04.netology.yc",
            "id": "fhmbs0rsjbr7kp4i3545",
            "labels": null,
            "local_disk": [],
            "metadata": {
              "ssh-keys": "centos:ssh-rsa AAAAB3NzaC1yc2EAAAADAQABAAABgQCrMkvsxpUsQKpsD5AHb9Y/X3/cxEBv4bPEGuTH5MN/3YZX5zSzX+dqxzr1Yg9BOx8srw2k9cQVvgaq/vrlHdlX2miQ4BKCoNg0tmjccjQ41NXKOAjpells7H9nQbJoRanw9RXaGoq9di5bHcp4uP7w6XkBmn/vDBTWvT5fXUIISci/Jev+egRKbMxQe+f9Gt9Hd1ciuOOr63mKZDIK+z0iwU1c0JFi49yU6viVkUKGU/DNZZ0Gf63P8qoxP4EM6GDRRKILxGk4/Ij31UwEntWI5loW09jAuUw5j4VHOVEOtLde48WS4FZwiAZypIUFABKj2d3K8ki67WgNrh4aute6zm6qIxQV0IpOXrm7jionNZvEuBlsZyfqjIoE7tyVvxsof8ghVm9TMdgCIq4i17orzhgmuG464ncA7nevotTKmBRCQAZNkWa2E3NK6HuOij8bxvJTQiO0elRm4hUB/0yJrjlxoba8CxNlsUXy5boz7GSX5gfK/LYMenyXutUxQ30= erick@erick-nitro\n"
            },
            "metadata_options": [
              {
                "aws_v1_http_endpoint": 1,
                "aws_v1_http_token": 2,
                "gce_http_endpoint": 1,
                "gce_http_token": 1
              }
            ],
            "name": "node04",
            "network_acceleration_type": "standard",
            "network_interface": [
              {
                "dns_record": [],
                "index": 0,
                "ip_address": "192.168.101.14",
                "ipv4": true,
                "ipv6": false,
                "ipv6_address": "",
                "ipv6_dns_record": [],
                "mac_address": "d0:0d:be:03:7c:9a",
                "nat": true,
                "nat_dns_record": [],
                "nat_ip_address": "158.160.107.9",
                "nat_ip_version": "IPV4",
                "security_group_ids": [],
                "subnet_id": "e9bch86d3ge41bde9va0"
              }
            ],
            "placement_policy": [
              {
                "host_affinity_rules": [],
                "placement_group_id": ""
              }
            ],
            "platform_id": "standard-v1",
            "resources": [
              {
                "core_fraction": 100,
                "cores": 4,
                "gpus": 0,
                "memory": 8
              }
            ],
            "scheduling_policy": [
              {
                "preemptible": false
              }
            ],
            "secondary_disk": [],
            "service_account_id": "",
            "status": "running",
            "timeouts": null,
            "zone": "ru-central1-a"
          },
          "sensitive_attributes": [],
          "private": "eyJlMmJmYjczMC1lY2FhLTExZTYtOGY4OC0zNDM2M2JjN2M0YzAiOnsiY3JlYXRlIjozMDAwMDAwMDAwMDAsImRlbGV0ZSI6MzAwMDAwMDAwMDAwLCJ1cGRhdGUiOjMwMDAwMDAwMDAwMH0sInNjaGVtYV92ZXJzaW9uIjoiMSJ9",
          "dependencies": [
            "yandex_vpc_network.default",
            "yandex_vpc_subnet.default"
          ]
        }
      ]
    },
    {
      "mode": "managed",
      "type": "yandex_compute_instance",
      "name": "node05",
      "provider": "provider[\"registry.terraform.io/yandex-cloud/yandex\"]",
      "instances": [
        {
          "schema_version": 1,
          "attributes": {
            "allow_recreate": null,
            "allow_stopping_for_update": true,
            "boot_disk": [
              {
                "auto_delete": true,
                "device_name": "fhmnrb74212a42oeoidu",
                "disk_id": "fhmnrb74212a42oeoidu",
                "initialize_params": [
                  {
                    "block_size": 4096,
                    "description": "",
                    "image_id": "fd8o1icpf5irv2up1nta",
                    "name": "root-node05",
                    "size": 40,
                    "snapshot_id": "",
                    "type": "network-ssd"
                  }
                ],
                "mode": "READ_WRITE"
              }
            ],
            "created_at": "2023-05-19T12:04:46Z",
            "description": "",
            "filesystem": [],
            "folder_id": "b1g1vpnntsl2uu60vg3l",
            "fqdn": "node05.netology.yc",
            "gpu_cluster_id": "",
            "hostname": "node05.netology.yc",
            "id": "fhmsvqk9pgolta756ohj",
            "labels": null,
            "local_disk": [],
            "metadata": {
              "ssh-keys": "centos:ssh-rsa AAAAB3NzaC1yc2EAAAADAQABAAABgQCrMkvsxpUsQKpsD5AHb9Y/X3/cxEBv4bPEGuTH5MN/3YZX5zSzX+dqxzr1Yg9BOx8srw2k9cQVvgaq/vrlHdlX2miQ4BKCoNg0tmjccjQ41NXKOAjpells7H9nQbJoRanw9RXaGoq9di5bHcp4uP7w6XkBmn/vDBTWvT5fXUIISci/Jev+egRKbMxQe+f9Gt9Hd1ciuOOr63mKZDIK+z0iwU1c0JFi49yU6viVkUKGU/DNZZ0Gf63P8qoxP4EM6GDRRKILxGk4/Ij31UwEntWI5loW09jAuUw5j4VHOVEOtLde48WS4FZwiAZypIUFABKj2d3K8ki67WgNrh4aute6zm6qIxQV0IpOXrm7jionNZvEuBlsZyfqjIoE7tyVvxsof8ghVm9TMdgCIq4i17orzhgmuG464ncA7nevotTKmBRCQAZNkWa2E3NK6HuOij8bxvJTQiO0elRm4hUB/0yJrjlxoba8CxNlsUXy5boz7GSX5gfK/LYMenyXutUxQ30= erick@erick-nitro\n"
            },
            "metadata_options": [
              {
                "aws_v1_http_endpoint": 1,
                "aws_v1_http_token": 2,
                "gce_http_endpoint": 1,
                "gce_http_token": 1
              }
            ],
            "name": "node05",
            "network_acceleration_type": "standard",
            "network_interface": [
              {
                "dns_record": [],
                "index": 0,
                "ip_address": "192.168.101.15",
                "ipv4": true,
                "ipv6": false,
                "ipv6_address": "",
                "ipv6_dns_record": [],
                "mac_address": "d0:0d:1c:fe:a8:9c",
                "nat": true,
                "nat_dns_record": [],
                "nat_ip_address": "158.160.40.210",
                "nat_ip_version": "IPV4",
                "security_group_ids": [],
                "subnet_id": "e9bch86d3ge41bde9va0"
              }
            ],
            "placement_policy": [
              {
                "host_affinity_rules": [],
                "placement_group_id": ""
              }
            ],
            "platform_id": "standard-v1",
            "resources": [
              {
                "core_fraction": 100,
                "cores": 4,
                "gpus": 0,
                "memory": 8
              }
            ],
            "scheduling_policy": [
              {
                "preemptible": false
              }
            ],
            "secondary_disk": [],
            "service_account_id": "",
            "status": "running",
            "timeouts": null,
            "zone": "ru-central1-a"
          },
          "sensitive_attributes": [],
          "private": "eyJlMmJmYjczMC1lY2FhLTExZTYtOGY4OC0zNDM2M2JjN2M0YzAiOnsiY3JlYXRlIjozMDAwMDAwMDAwMDAsImRlbGV0ZSI6MzAwMDAwMDAwMDAwLCJ1cGRhdGUiOjMwMDAwMDAwMDAwMH0sInNjaGVtYV92ZXJzaW9uIjoiMSJ9",
          "dependencies": [
            "yandex_vpc_network.default",
            "yandex_vpc_subnet.default"
          ]
        }
      ]
    },
    {
      "mode": "managed",
      "type": "yandex_compute_instance",
      "name": "node06",
      "provider": "provider[\"registry.terraform.io/yandex-cloud/yandex\"]",
      "instances": [
        {
          "schema_version": 1,
          "attributes": {
            "allow_recreate": null,
            "allow_stopping_for_update": true,
            "boot_disk": [
              {
                "auto_delete": true,
                "device_name": "fhm9ehiu7q9a2lsb2ikg",
                "disk_id": "fhm9ehiu7q9a2lsb2ikg",
                "initialize_params": [
                  {
                    "block_size": 4096,
                    "description": "",
                    "image_id": "fd8o1icpf5irv2up1nta",
                    "name": "root-node06",
                    "size": 40,
                    "snapshot_id": "",
                    "type": "network-ssd"
                  }
                ],
                "mode": "READ_WRITE"
              }
            ],
            "created_at": "2023-05-19T12:04:46Z",
            "description": "",
            "filesystem": [],
            "folder_id": "b1g1vpnntsl2uu60vg3l",
            "fqdn": "node06.netology.yc",
            "gpu_cluster_id": "",
            "hostname": "node06.netology.yc",
            "id": "fhm3jjcipqbgvsigair6",
            "labels": null,
            "local_disk": [],
            "metadata": {
              "ssh-keys": "centos:ssh-rsa AAAAB3NzaC1yc2EAAAADAQABAAABgQCrMkvsxpUsQKpsD5AHb9Y/X3/cxEBv4bPEGuTH5MN/3YZX5zSzX+dqxzr1Yg9BOx8srw2k9cQVvgaq/vrlHdlX2miQ4BKCoNg0tmjccjQ41NXKOAjpells7H9nQbJoRanw9RXaGoq9di5bHcp4uP7w6XkBmn/vDBTWvT5fXUIISci/Jev+egRKbMxQe+f9Gt9Hd1ciuOOr63mKZDIK+z0iwU1c0JFi49yU6viVkUKGU/DNZZ0Gf63P8qoxP4EM6GDRRKILxGk4/Ij31UwEntWI5loW09jAuUw5j4VHOVEOtLde48WS4FZwiAZypIUFABKj2d3K8ki67WgNrh4aute6zm6qIxQV0IpOXrm7jionNZvEuBlsZyfqjIoE7tyVvxsof8ghVm9TMdgCIq4i17orzhgmuG464ncA7nevotTKmBRCQAZNkWa2E3NK6HuOij8bxvJTQiO0elRm4hUB/0yJrjlxoba8CxNlsUXy5boz7GSX5gfK/LYMenyXutUxQ30= erick@erick-nitro\n"
            },
            "metadata_options": [
              {
                "aws_v1_http_endpoint": 1,
                "aws_v1_http_token": 2,
                "gce_http_endpoint": 1,
                "gce_http_token": 1
              }
            ],
            "name": "node06",
            "network_acceleration_type": "standard",
            "network_interface": [
              {
                "dns_record": [],
                "index": 0,
                "ip_address": "192.168.101.16",
                "ipv4": true,
                "ipv6": false,
                "ipv6_address": "",
                "ipv6_dns_record": [],
                "mac_address": "d0:0d:39:cd:92:ce",
                "nat": true,
                "nat_dns_record": [],
                "nat_ip_address": "158.160.59.210",
                "nat_ip_version": "IPV4",
                "security_group_ids": [],
                "subnet_id": "e9bch86d3ge41bde9va0"
              }
            ],
            "placement_policy": [
              {
                "host_affinity_rules": [],
                "placement_group_id": ""
              }
            ],
            "platform_id": "standard-v1",
            "resources": [
              {
                "core_fraction": 100,
                "cores": 4,
                "gpus": 0,
                "memory": 8
              }
            ],
            "scheduling_policy": [
              {
                "preemptible": false
              }
            ],
            "secondary_disk": [],
            "service_account_id": "",
            "status": "running",
            "timeouts": null,
            "zone": "ru-central1-a"
          },
          "sensitive_attributes": [],
          "private": "eyJlMmJmYjczMC1lY2FhLTExZTYtOGY4OC0zNDM2M2JjN2M0YzAiOnsiY3JlYXRlIjozMDAwMDAwMDAwMDAsImRlbGV0ZSI6MzAwMDAwMDAwMDAwLCJ1cGRhdGUiOjMwMDAwMDAwMDAwMH0sInNjaGVtYV92ZXJzaW9uIjoiMSJ9",
          "dependencies": [
            "yandex_vpc_network.default",
            "yandex_vpc_subnet.default"
          ]
        }
      ]
    },
    {
      "mode": "managed",
      "type": "yandex_vpc_network",
      "name": "default",
      "provider": "provider[\"registry.terraform.io/yandex-cloud/yandex\"]",
      "instances": [
        {
          "schema_version": 0,
          "attributes": {
            "created_at": "2023-05-19T12:04:39Z",
            "default_security_group_id": "",
            "description": "",
            "folder_id": "b1g1vpnntsl2uu60vg3l",
            "id": "enpr18ch5892p8j3pqog",
            "labels": {},
            "name": "net",
            "subnet_ids": [],
            "timeouts": null
          },
          "sensitive_attributes": [],
          "private": "eyJlMmJmYjczMC1lY2FhLTExZTYtOGY4OC0zNDM2M2JjN2M0YzAiOnsiY3JlYXRlIjo2MDAwMDAwMDAwMCwiZGVsZXRlIjo2MDAwMDAwMDAwMCwidXBkYXRlIjo2MDAwMDAwMDAwMH19"
        }
      ]
    },
    {
      "mode": "managed",
      "type": "yandex_vpc_subnet",
      "name": "default",
      "provider": "provider[\"registry.terraform.io/yandex-cloud/yandex\"]",
      "instances": [
        {
          "schema_version": 0,
          "attributes": {
            "created_at": "2023-05-19T12:04:41Z",
            "description": "",
            "dhcp_options": [],
            "folder_id": "b1g1vpnntsl2uu60vg3l",
            "id": "e9bch86d3ge41bde9va0",
            "labels": {},
            "name": "subnet",
            "network_id": "enpr18ch5892p8j3pqog",
            "route_table_id": "",
            "timeouts": null,
            "v4_cidr_blocks": [
              "192.168.101.0/24"
            ],
            "v6_cidr_blocks": [],
            "zone": "ru-central1-a"
          },
          "sensitive_attributes": [],
          "private": "eyJlMmJmYjczMC1lY2FhLTExZTYtOGY4OC0zNDM2M2JjN2M0YzAiOnsiY3JlYXRlIjoxODAwMDAwMDAwMDAsImRlbGV0ZSI6MTgwMDAwMDAwMDAwLCJ1cGRhdGUiOjE4MDAwMDAwMDAwMH19",
          "dependencies": [
            "yandex_vpc_network.default"
          ]
        }
      ]
    }
  ],
  "check_results": null
}
