{
  "version": 4,
  "terraform_version": "1.4.6",
  "serial": 32,
  "lineage": "59ab5e7f-deb1-6c81-eacb-c7454eaba42a",
  "outputs": {
    "external_ip_address_node01": {
      "value": "158.160.106.221",
      "type": "string"
    },
    "external_ip_address_node02": {
      "value": "158.160.100.9",
      "type": "string"
    },
    "external_ip_address_node03": {
      "value": "158.160.97.130",
      "type": "string"
    },
    "external_ip_address_node04": {
      "value": "158.160.98.197",
      "type": "string"
    },
    "external_ip_address_node05": {
      "value": "158.160.34.100",
      "type": "string"
    },
    "external_ip_address_node06": {
      "value": "158.160.106.203",
      "type": "string"
    },
    "internal_ip_address_node01": {
      "value": "192.168.101.11",
      "type": "string"
    },
    "internal_ip_address_node02": {
      "value": "192.168.101.12",
      "type": "string"
    },
    "internal_ip_address_node03": {
      "value": "192.168.101.13",
      "type": "string"
    },
    "internal_ip_address_node04": {
      "value": "192.168.101.14",
      "type": "string"
    },
    "internal_ip_address_node05": {
      "value": "192.168.101.15",
      "type": "string"
    },
    "internal_ip_address_node06": {
      "value": "192.168.101.16",
      "type": "string"
    }
  },
  "resources": [
    {
      "mode": "managed",
      "type": "local_file",
      "name": "inventory",
      "provider": "provider[\"registry.terraform.io/hashicorp/local\"]",
      "instances": [
        {
          "schema_version": 0,
          "attributes": {
            "content": "# Ansible inventory containing variable values from Terraform.\n# Generated by Terraform.\n\n[nodes:children]\nmanagers\nworkers\n\n[managers:children]\nactive\nstandby\n\n[active]\nnode01.netology.yc ansible_host=158.160.106.221\n\n[standby]\nnode02.netology.yc ansible_host=158.160.100.9\nnode03.netology.yc ansible_host=158.160.97.130\n\n[workers]\nnode04.netology.yc ansible_host=158.160.98.197\nnode05.netology.yc ansible_host=158.160.34.100\nnode06.netology.yc ansible_host=158.160.106.203\n",
            "content_base64": null,
            "content_base64sha256": "ZvE7qzj/tBr2ckxJ5Cw/f5WAsOKnhQ3T64Wf3cmclM4=",
            "content_base64sha512": "KxBo+HRUbs2AzEDzdq4Gtxt2Fnbd+EBjkwCfhH4o8oNo9WLp5AhsXw+d/jYcPpu7x2EUE4oHF0wd7jK6AJDBag==",
            "content_md5": "29f564a209b6007cc08620f3304ceaa2",
            "content_sha1": "39f2fb5559869f94e7c9be7dab0d37c4d36c6885",
            "content_sha256": "66f13bab38ffb41af6724c49e42c3f7f9580b0e2a7850dd3eb859fddc99c94ce",
            "content_sha512": "2b1068f874546ecd80cc40f376ae06b71b761676ddf8406393009f847e28f28368f562e9e4086c5f0f9dfe361c3e9bbbc76114138a07174c1dee32ba0090c16a",
            "directory_permission": "0777",
            "file_permission": "0777",
            "filename": "../ansible/inventory",
            "id": "39f2fb5559869f94e7c9be7dab0d37c4d36c6885",
            "sensitive_content": null,
            "source": null
          },
          "sensitive_attributes": [],
          "dependencies": [
            "yandex_compute_instance.node01",
            "yandex_compute_instance.node02",
            "yandex_compute_instance.node03",
            "yandex_compute_instance.node04",
            "yandex_compute_instance.node05",
            "yandex_compute_instance.node06",
            "yandex_vpc_subnet.default"
          ]
        }
      ]
    },
    {
      "mode": "managed",
      "type": "null_resource",
      "name": "cluster",
      "provider": "provider[\"registry.terraform.io/hashicorp/null\"]",
      "instances": [
        {
          "schema_version": 0,
          "attributes": {
            "id": "6335682221343985732",
            "triggers": null
          },
          "sensitive_attributes": [],
          "dependencies": [
            "null_resource.wait"
          ]
        }
      ]
    },
    {
      "mode": "managed",
      "type": "null_resource",
      "name": "monitoring",
      "provider": "provider[\"registry.terraform.io/hashicorp/null\"]",
      "instances": [
        {
          "schema_version": 0,
          "attributes": {
            "id": "6143868437663893134",
            "triggers": null
          },
          "sensitive_attributes": [],
          "dependencies": [
            "null_resource.cluster",
            "null_resource.sync",
            "null_resource.wait"
          ]
        }
      ]
    },
    {
      "mode": "managed",
      "type": "null_resource",
      "name": "sync",
      "provider": "provider[\"registry.terraform.io/hashicorp/null\"]",
      "instances": [
        {
          "schema_version": 0,
          "attributes": {
            "id": "2374850148073804463",
            "triggers": null
          },
          "sensitive_attributes": [],
          "dependencies": [
            "null_resource.cluster",
            "null_resource.wait"
          ]
        }
      ]
    },
    {
      "mode": "managed",
      "type": "null_resource",
      "name": "wait",
      "provider": "provider[\"registry.terraform.io/hashicorp/null\"]",
      "instances": [
        {
          "schema_version": 0,
          "attributes": {
            "id": "5817102638687010266",
            "triggers": null
          },
          "sensitive_attributes": [],
          "dependencies": [
            "local_file.inventory",
            "yandex_compute_instance.node01",
            "yandex_compute_instance.node02",
            "yandex_compute_instance.node03",
            "yandex_compute_instance.node04",
            "yandex_compute_instance.node05",
            "yandex_compute_instance.node06",
            "yandex_vpc_network.default",
            "yandex_vpc_subnet.default"
          ]
        }
      ]
    },
    {
      "mode": "managed",
      "type": "yandex_compute_instance",
      "name": "node01",
      "provider": "provider[\"registry.terraform.io/yandex-cloud/yandex\"]",
      "instances": [
        {
          "schema_version": 1,
          "attributes": {
            "allow_recreate": null,
            "allow_stopping_for_update": true,
            "boot_disk": [
              {
                "auto_delete": true,
                "device_name": "fhm05ln4k5su5d47i34i",
                "disk_id": "fhm05ln4k5su5d47i34i",
                "initialize_params": [
                  {
                    "block_size": 4096,
                    "description": "",
                    "image_id": "fd8o1icpf5irv2up1nta",
                    "name": "root-node01",
                    "size": 10,
                    "snapshot_id": "",
                    "type": "network-ssd"
                  }
                ],
                "mode": "READ_WRITE"
              }
            ],
            "created_at": "2023-05-19T12:38:35Z",
            "description": "",
            "filesystem": [],
            "folder_id": "b1g1vpnntsl2uu60vg3l",
            "fqdn": "node01.netology.yc",
            "gpu_cluster_id": "",
            "hostname": "node01.netology.yc",
            "id": "fhm9ggkn749tiiesjh47",
            "labels": null,
            "local_disk": [],
            "metadata": {
              "ssh-keys": "centos:ssh-rsa AAAAB3NzaC1yc2EAAAADAQABAAABgQCrMkvsxpUsQKpsD5AHb9Y/X3/cxEBv4bPEGuTH5MN/3YZX5zSzX+dqxzr1Yg9BOx8srw2k9cQVvgaq/vrlHdlX2miQ4BKCoNg0tmjccjQ41NXKOAjpells7H9nQbJoRanw9RXaGoq9di5bHcp4uP7w6XkBmn/vDBTWvT5fXUIISci/Jev+egRKbMxQe+f9Gt9Hd1ciuOOr63mKZDIK+z0iwU1c0JFi49yU6viVkUKGU/DNZZ0Gf63P8qoxP4EM6GDRRKILxGk4/Ij31UwEntWI5loW09jAuUw5j4VHOVEOtLde48WS4FZwiAZypIUFABKj2d3K8ki67WgNrh4aute6zm6qIxQV0IpOXrm7jionNZvEuBlsZyfqjIoE7tyVvxsof8ghVm9TMdgCIq4i17orzhgmuG464ncA7nevotTKmBRCQAZNkWa2E3NK6HuOij8bxvJTQiO0elRm4hUB/0yJrjlxoba8CxNlsUXy5boz7GSX5gfK/LYMenyXutUxQ30= erick@erick-nitro\n"
            },
            "metadata_options": [
              {
                "aws_v1_http_endpoint": 1,
                "aws_v1_http_token": 2,
                "gce_http_endpoint": 1,
                "gce_http_token": 1
              }
            ],
            "name": "node01",
            "network_acceleration_type": "standard",
            "network_interface": [
              {
                "dns_record": [],
                "index": 0,
                "ip_address": "192.168.101.11",
                "ipv4": true,
                "ipv6": false,
                "ipv6_address": "",
                "ipv6_dns_record": [],
                "mac_address": "d0:0d:98:42:97:39",
                "nat": true,
                "nat_dns_record": [],
                "nat_ip_address": "158.160.106.221",
                "nat_ip_version": "IPV4",
                "security_group_ids": [],
                "subnet_id": "e9bch86d3ge41bde9va0"
              }
            ],
            "placement_policy": [
              {
                "host_affinity_rules": [],
                "placement_group_id": ""
              }
            ],
            "platform_id": "standard-v1",
            "resources": [
              {
                "core_fraction": 100,
                "cores": 4,
                "gpus": 0,
                "memory": 8
              }
            ],
            "scheduling_policy": [
              {
                "preemptible": false
              }
            ],
            "secondary_disk": [],
            "service_account_id": "",
            "status": "running",
            "timeouts": null,
            "zone": "ru-central1-a"
          },
          "sensitive_attributes": [],
          "private": "eyJlMmJmYjczMC1lY2FhLTExZTYtOGY4OC0zNDM2M2JjN2M0YzAiOnsiY3JlYXRlIjozMDAwMDAwMDAwMDAsImRlbGV0ZSI6MzAwMDAwMDAwMDAwLCJ1cGRhdGUiOjMwMDAwMDAwMDAwMH0sInNjaGVtYV92ZXJzaW9uIjoiMSJ9",
          "dependencies": [
            "yandex_vpc_subnet.default"
          ]
        }
      ]
    },
    {
      "mode": "managed",
      "type": "yandex_compute_instance",
      "name": "node02",
      "provider": "provider[\"registry.terraform.io/yandex-cloud/yandex\"]",
      "instances": [
        {
          "schema_version": 1,
          "attributes": {
            "allow_recreate": null,
            "allow_stopping_for_update": true,
            "boot_disk": [
              {
                "auto_delete": true,
                "device_name": "fhmek2qvp51v8vho2dm7",
                "disk_id": "fhmek2qvp51v8vho2dm7",
                "initialize_params": [
                  {
                    "block_size": 4096,
                    "description": "",
                    "image_id": "fd8o1icpf5irv2up1nta",
                    "name": "root-node02",
                    "size": 10,
                    "snapshot_id": "",
                    "type": "network-ssd"
                  }
                ],
                "mode": "READ_WRITE"
              }
            ],
            "created_at": "2023-05-19T12:38:41Z",
            "description": "",
            "filesystem": [],
            "folder_id": "b1g1vpnntsl2uu60vg3l",
            "fqdn": "node02.netology.yc",
            "gpu_cluster_id": "",
            "hostname": "node02.netology.yc",
            "id": "fhmd6sm4pi5tkh84eag4",
            "labels": null,
            "local_disk": [],
            "metadata": {
              "ssh-keys": "centos:ssh-rsa AAAAB3NzaC1yc2EAAAADAQABAAABgQCrMkvsxpUsQKpsD5AHb9Y/X3/cxEBv4bPEGuTH5MN/3YZX5zSzX+dqxzr1Yg9BOx8srw2k9cQVvgaq/vrlHdlX2miQ4BKCoNg0tmjccjQ41NXKOAjpells7H9nQbJoRanw9RXaGoq9di5bHcp4uP7w6XkBmn/vDBTWvT5fXUIISci/Jev+egRKbMxQe+f9Gt9Hd1ciuOOr63mKZDIK+z0iwU1c0JFi49yU6viVkUKGU/DNZZ0Gf63P8qoxP4EM6GDRRKILxGk4/Ij31UwEntWI5loW09jAuUw5j4VHOVEOtLde48WS4FZwiAZypIUFABKj2d3K8ki67WgNrh4aute6zm6qIxQV0IpOXrm7jionNZvEuBlsZyfqjIoE7tyVvxsof8ghVm9TMdgCIq4i17orzhgmuG464ncA7nevotTKmBRCQAZNkWa2E3NK6HuOij8bxvJTQiO0elRm4hUB/0yJrjlxoba8CxNlsUXy5boz7GSX5gfK/LYMenyXutUxQ30= erick@erick-nitro\n"
            },
            "metadata_options": [
              {
                "aws_v1_http_endpoint": 1,
                "aws_v1_http_token": 2,
                "gce_http_endpoint": 1,
                "gce_http_token": 1
              }
            ],
            "name": "node02",
            "network_acceleration_type": "standard",
            "network_interface": [
              {
                "dns_record": [],
                "index": 0,
                "ip_address": "192.168.101.12",
                "ipv4": true,
                "ipv6": false,
                "ipv6_address": "",
                "ipv6_dns_record": [],
                "mac_address": "d0:0d:d3:72:c4:cc",
                "nat": true,
                "nat_dns_record": [],
                "nat_ip_address": "158.160.100.9",
                "nat_ip_version": "IPV4",
                "security_group_ids": [],
                "subnet_id": "e9bch86d3ge41bde9va0"
              }
            ],
            "placement_policy": [
              {
                "host_affinity_rules": [],
                "placement_group_id": ""
              }
            ],
            "platform_id": "standard-v1",
            "resources": [
              {
                "core_fraction": 100,
                "cores": 4,
                "gpus": 0,
                "memory": 8
              }
            ],
            "scheduling_policy": [
              {
                "preemptible": false
              }
            ],
            "secondary_disk": [],
            "service_account_id": "",
            "status": "running",
            "timeouts": null,
            "zone": "ru-central1-a"
          },
          "sensitive_attributes": [],
          "private": "eyJlMmJmYjczMC1lY2FhLTExZTYtOGY4OC0zNDM2M2JjN2M0YzAiOnsiY3JlYXRlIjozMDAwMDAwMDAwMDAsImRlbGV0ZSI6MzAwMDAwMDAwMDAwLCJ1cGRhdGUiOjMwMDAwMDAwMDAwMH0sInNjaGVtYV92ZXJzaW9uIjoiMSJ9",
          "dependencies": [
            "yandex_vpc_subnet.default"
          ]
        }
      ]
    },
    {
      "mode": "managed",
      "type": "yandex_compute_instance",
      "name": "node03",
      "provider": "provider[\"registry.terraform.io/yandex-cloud/yandex\"]",
      "instances": [
        {
          "schema_version": 1,
          "attributes": {
            "allow_recreate": null,
            "allow_stopping_for_update": true,
            "boot_disk": [
              {
                "auto_delete": true,
                "device_name": "fhmtv7hf2n2hdnktvb70",
                "disk_id": "fhmtv7hf2n2hdnktvb70",
                "initialize_params": [
                  {
                    "block_size": 4096,
                    "description": "",
                    "image_id": "fd8o1icpf5irv2up1nta",
                    "name": "root-node03",
                    "size": 10,
                    "snapshot_id": "",
                    "type": "network-ssd"
                  }
                ],
                "mode": "READ_WRITE"
              }
            ],
            "created_at": "2023-05-19T12:38:35Z",
            "description": "",
            "filesystem": [],
            "folder_id": "b1g1vpnntsl2uu60vg3l",
            "fqdn": "node03.netology.yc",
            "gpu_cluster_id": "",
            "hostname": "node03.netology.yc",
            "id": "fhmac3maf5n6lgt610f4",
            "labels": null,
            "local_disk": [],
            "metadata": {
              "ssh-keys": "centos:ssh-rsa AAAAB3NzaC1yc2EAAAADAQABAAABgQCrMkvsxpUsQKpsD5AHb9Y/X3/cxEBv4bPEGuTH5MN/3YZX5zSzX+dqxzr1Yg9BOx8srw2k9cQVvgaq/vrlHdlX2miQ4BKCoNg0tmjccjQ41NXKOAjpells7H9nQbJoRanw9RXaGoq9di5bHcp4uP7w6XkBmn/vDBTWvT5fXUIISci/Jev+egRKbMxQe+f9Gt9Hd1ciuOOr63mKZDIK+z0iwU1c0JFi49yU6viVkUKGU/DNZZ0Gf63P8qoxP4EM6GDRRKILxGk4/Ij31UwEntWI5loW09jAuUw5j4VHOVEOtLde48WS4FZwiAZypIUFABKj2d3K8ki67WgNrh4aute6zm6qIxQV0IpOXrm7jionNZvEuBlsZyfqjIoE7tyVvxsof8ghVm9TMdgCIq4i17orzhgmuG464ncA7nevotTKmBRCQAZNkWa2E3NK6HuOij8bxvJTQiO0elRm4hUB/0yJrjlxoba8CxNlsUXy5boz7GSX5gfK/LYMenyXutUxQ30= erick@erick-nitro\n"
            },
            "metadata_options": [
              {
                "aws_v1_http_endpoint": 1,
                "aws_v1_http_token": 2,
                "gce_http_endpoint": 1,
                "gce_http_token": 1
              }
            ],
            "name": "node03",
            "network_acceleration_type": "standard",
            "network_interface": [
              {
                "dns_record": [],
                "index": 0,
                "ip_address": "192.168.101.13",
                "ipv4": true,
                "ipv6": false,
                "ipv6_address": "",
                "ipv6_dns_record": [],
                "mac_address": "d0:0d:a6:0e:ca:79",
                "nat": true,
                "nat_dns_record": [],
                "nat_ip_address": "158.160.97.130",
                "nat_ip_version": "IPV4",
                "security_group_ids": [],
                "subnet_id": "e9bch86d3ge41bde9va0"
              }
            ],
            "placement_policy": [
              {
                "host_affinity_rules": [],
                "placement_group_id": ""
              }
            ],
            "platform_id": "standard-v1",
            "resources": [
              {
                "core_fraction": 100,
                "cores": 4,
                "gpus": 0,
                "memory": 8
              }
            ],
            "scheduling_policy": [
              {
                "preemptible": false
              }
            ],
            "secondary_disk": [],
            "service_account_id": "",
            "status": "running",
            "timeouts": null,
            "zone": "ru-central1-a"
          },
          "sensitive_attributes": [],
          "private": "eyJlMmJmYjczMC1lY2FhLTExZTYtOGY4OC0zNDM2M2JjN2M0YzAiOnsiY3JlYXRlIjozMDAwMDAwMDAwMDAsImRlbGV0ZSI6MzAwMDAwMDAwMDAwLCJ1cGRhdGUiOjMwMDAwMDAwMDAwMH0sInNjaGVtYV92ZXJzaW9uIjoiMSJ9",
          "dependencies": [
            "yandex_vpc_subnet.default"
          ]
        }
      ]
    },
    {
      "mode": "managed",
      "type": "yandex_compute_instance",
      "name": "node04",
      "provider": "provider[\"registry.terraform.io/yandex-cloud/yandex\"]",
      "instances": [
        {
          "schema_version": 1,
          "attributes": {
            "allow_recreate": null,
            "allow_stopping_for_update": true,
            "boot_disk": [
              {
                "auto_delete": true,
                "device_name": "fhm2mrk3h19j99c32bqq",
                "disk_id": "fhm2mrk3h19j99c32bqq",
                "initialize_params": [
                  {
                    "block_size": 4096,
                    "description": "",
                    "image_id": "fd8o1icpf5irv2up1nta",
                    "name": "root-node04",
                    "size": 40,
                    "snapshot_id": "",
                    "type": "network-ssd"
                  }
                ],
                "mode": "READ_WRITE"
              }
            ],
            "created_at": "2023-05-19T12:38:38Z",
            "description": "",
            "filesystem": [],
            "folder_id": "b1g1vpnntsl2uu60vg3l",
            "fqdn": "node04.netology.yc",
            "gpu_cluster_id": "",
            "hostname": "node04.netology.yc",
            "id": "fhmcurrb0hstefag9mfp",
            "labels": null,
            "local_disk": [],
            "metadata": {
              "ssh-keys": "centos:ssh-rsa AAAAB3NzaC1yc2EAAAADAQABAAABgQCrMkvsxpUsQKpsD5AHb9Y/X3/cxEBv4bPEGuTH5MN/3YZX5zSzX+dqxzr1Yg9BOx8srw2k9cQVvgaq/vrlHdlX2miQ4BKCoNg0tmjccjQ41NXKOAjpells7H9nQbJoRanw9RXaGoq9di5bHcp4uP7w6XkBmn/vDBTWvT5fXUIISci/Jev+egRKbMxQe+f9Gt9Hd1ciuOOr63mKZDIK+z0iwU1c0JFi49yU6viVkUKGU/DNZZ0Gf63P8qoxP4EM6GDRRKILxGk4/Ij31UwEntWI5loW09jAuUw5j4VHOVEOtLde48WS4FZwiAZypIUFABKj2d3K8ki67WgNrh4aute6zm6qIxQV0IpOXrm7jionNZvEuBlsZyfqjIoE7tyVvxsof8ghVm9TMdgCIq4i17orzhgmuG464ncA7nevotTKmBRCQAZNkWa2E3NK6HuOij8bxvJTQiO0elRm4hUB/0yJrjlxoba8CxNlsUXy5boz7GSX5gfK/LYMenyXutUxQ30= erick@erick-nitro\n"
            },
            "metadata_options": [
              {
                "aws_v1_http_endpoint": 1,
                "aws_v1_http_token": 2,
                "gce_http_endpoint": 1,
                "gce_http_token": 1
              }
            ],
            "name": "node04",
            "network_acceleration_type": "standard",
            "network_interface": [
              {
                "dns_record": [],
                "index": 0,
                "ip_address": "192.168.101.14",
                "ipv4": true,
                "ipv6": false,
                "ipv6_address": "",
                "ipv6_dns_record": [],
                "mac_address": "d0:0d:cf:6f:6b:04",
                "nat": true,
                "nat_dns_record": [],
                "nat_ip_address": "158.160.98.197",
                "nat_ip_version": "IPV4",
                "security_group_ids": [],
                "subnet_id": "e9bch86d3ge41bde9va0"
              }
            ],
            "placement_policy": [
              {
                "host_affinity_rules": [],
                "placement_group_id": ""
              }
            ],
            "platform_id": "standard-v1",
            "resources": [
              {
                "core_fraction": 100,
                "cores": 4,
                "gpus": 0,
                "memory": 8
              }
            ],
            "scheduling_policy": [
              {
                "preemptible": false
              }
            ],
            "secondary_disk": [],
            "service_account_id": "",
            "status": "running",
            "timeouts": null,
            "zone": "ru-central1-a"
          },
          "sensitive_attributes": [],
          "private": "eyJlMmJmYjczMC1lY2FhLTExZTYtOGY4OC0zNDM2M2JjN2M0YzAiOnsiY3JlYXRlIjozMDAwMDAwMDAwMDAsImRlbGV0ZSI6MzAwMDAwMDAwMDAwLCJ1cGRhdGUiOjMwMDAwMDAwMDAwMH0sInNjaGVtYV92ZXJzaW9uIjoiMSJ9",
          "dependencies": [
            "yandex_vpc_subnet.default"
          ]
        }
      ]
    },
    {
      "mode": "managed",
      "type": "yandex_compute_instance",
      "name": "node05",
      "provider": "provider[\"registry.terraform.io/yandex-cloud/yandex\"]",
      "instances": [
        {
          "schema_version": 1,
          "attributes": {
            "allow_recreate": null,
            "allow_stopping_for_update": true,
            "boot_disk": [
              {
                "auto_delete": true,
                "device_name": "fhm10ne91viuhbs4amt8",
                "disk_id": "fhm10ne91viuhbs4amt8",
                "initialize_params": [
                  {
                    "block_size": 4096,
                    "description": "",
                    "image_id": "fd8o1icpf5irv2up1nta",
                    "name": "root-node05",
                    "size": 40,
                    "snapshot_id": "",
                    "type": "network-ssd"
                  }
                ],
                "mode": "READ_WRITE"
              }
            ],
            "created_at": "2023-05-19T12:38:43Z",
            "description": "",
            "filesystem": [],
            "folder_id": "b1g1vpnntsl2uu60vg3l",
            "fqdn": "node05.netology.yc",
            "gpu_cluster_id": "",
            "hostname": "node05.netology.yc",
            "id": "fhm063u60e7g6aks055b",
            "labels": null,
            "local_disk": [],
            "metadata": {
              "ssh-keys": "centos:ssh-rsa AAAAB3NzaC1yc2EAAAADAQABAAABgQCrMkvsxpUsQKpsD5AHb9Y/X3/cxEBv4bPEGuTH5MN/3YZX5zSzX+dqxzr1Yg9BOx8srw2k9cQVvgaq/vrlHdlX2miQ4BKCoNg0tmjccjQ41NXKOAjpells7H9nQbJoRanw9RXaGoq9di5bHcp4uP7w6XkBmn/vDBTWvT5fXUIISci/Jev+egRKbMxQe+f9Gt9Hd1ciuOOr63mKZDIK+z0iwU1c0JFi49yU6viVkUKGU/DNZZ0Gf63P8qoxP4EM6GDRRKILxGk4/Ij31UwEntWI5loW09jAuUw5j4VHOVEOtLde48WS4FZwiAZypIUFABKj2d3K8ki67WgNrh4aute6zm6qIxQV0IpOXrm7jionNZvEuBlsZyfqjIoE7tyVvxsof8ghVm9TMdgCIq4i17orzhgmuG464ncA7nevotTKmBRCQAZNkWa2E3NK6HuOij8bxvJTQiO0elRm4hUB/0yJrjlxoba8CxNlsUXy5boz7GSX5gfK/LYMenyXutUxQ30= erick@erick-nitro\n"
            },
            "metadata_options": [
              {
                "aws_v1_http_endpoint": 1,
                "aws_v1_http_token": 2,
                "gce_http_endpoint": 1,
                "gce_http_token": 1
              }
            ],
            "name": "node05",
            "network_acceleration_type": "standard",
            "network_interface": [
              {
                "dns_record": [],
                "index": 0,
                "ip_address": "192.168.101.15",
                "ipv4": true,
                "ipv6": false,
                "ipv6_address": "",
                "ipv6_dns_record": [],
                "mac_address": "d0:0d:30:fc:60:38",
                "nat": true,
                "nat_dns_record": [],
                "nat_ip_address": "158.160.34.100",
                "nat_ip_version": "IPV4",
                "security_group_ids": [],
                "subnet_id": "e9bch86d3ge41bde9va0"
              }
            ],
            "placement_policy": [
              {
                "host_affinity_rules": [],
                "placement_group_id": ""
              }
            ],
            "platform_id": "standard-v1",
            "resources": [
              {
                "core_fraction": 100,
                "cores": 4,
                "gpus": 0,
                "memory": 8
              }
            ],
            "scheduling_policy": [
              {
                "preemptible": false
              }
            ],
            "secondary_disk": [],
            "service_account_id": "",
            "status": "running",
            "timeouts": null,
            "zone": "ru-central1-a"
          },
          "sensitive_attributes": [],
          "private": "eyJlMmJmYjczMC1lY2FhLTExZTYtOGY4OC0zNDM2M2JjN2M0YzAiOnsiY3JlYXRlIjozMDAwMDAwMDAwMDAsImRlbGV0ZSI6MzAwMDAwMDAwMDAwLCJ1cGRhdGUiOjMwMDAwMDAwMDAwMH0sInNjaGVtYV92ZXJzaW9uIjoiMSJ9",
          "dependencies": [
            "yandex_vpc_subnet.default"
          ]
        }
      ]
    },
    {
      "mode": "managed",
      "type": "yandex_compute_instance",
      "name": "node06",
      "provider": "provider[\"registry.terraform.io/yandex-cloud/yandex\"]",
      "instances": [
        {
          "schema_version": 1,
          "attributes": {
            "allow_recreate": null,
            "allow_stopping_for_update": true,
            "boot_disk": [
              {
                "auto_delete": true,
                "device_name": "fhm59rc7kf0nmdc1a2rm",
                "disk_id": "fhm59rc7kf0nmdc1a2rm",
                "initialize_params": [
                  {
                    "block_size": 4096,
                    "description": "",
                    "image_id": "fd8o1icpf5irv2up1nta",
                    "name": "root-node06",
                    "size": 40,
                    "snapshot_id": "",
                    "type": "network-ssd"
                  }
                ],
                "mode": "READ_WRITE"
              }
            ],
            "created_at": "2023-05-19T12:38:35Z",
            "description": "",
            "filesystem": [],
            "folder_id": "b1g1vpnntsl2uu60vg3l",
            "fqdn": "node06.netology.yc",
            "gpu_cluster_id": "",
            "hostname": "node06.netology.yc",
            "id": "fhmn8sd9ippc0vdg2uoc",
            "labels": null,
            "local_disk": [],
            "metadata": {
              "ssh-keys": "centos:ssh-rsa AAAAB3NzaC1yc2EAAAADAQABAAABgQCrMkvsxpUsQKpsD5AHb9Y/X3/cxEBv4bPEGuTH5MN/3YZX5zSzX+dqxzr1Yg9BOx8srw2k9cQVvgaq/vrlHdlX2miQ4BKCoNg0tmjccjQ41NXKOAjpells7H9nQbJoRanw9RXaGoq9di5bHcp4uP7w6XkBmn/vDBTWvT5fXUIISci/Jev+egRKbMxQe+f9Gt9Hd1ciuOOr63mKZDIK+z0iwU1c0JFi49yU6viVkUKGU/DNZZ0Gf63P8qoxP4EM6GDRRKILxGk4/Ij31UwEntWI5loW09jAuUw5j4VHOVEOtLde48WS4FZwiAZypIUFABKj2d3K8ki67WgNrh4aute6zm6qIxQV0IpOXrm7jionNZvEuBlsZyfqjIoE7tyVvxsof8ghVm9TMdgCIq4i17orzhgmuG464ncA7nevotTKmBRCQAZNkWa2E3NK6HuOij8bxvJTQiO0elRm4hUB/0yJrjlxoba8CxNlsUXy5boz7GSX5gfK/LYMenyXutUxQ30= erick@erick-nitro\n"
            },
            "metadata_options": [
              {
                "aws_v1_http_endpoint": 1,
                "aws_v1_http_token": 2,
                "gce_http_endpoint": 1,
                "gce_http_token": 1
              }
            ],
            "name": "node06",
            "network_acceleration_type": "standard",
            "network_interface": [
              {
                "dns_record": [],
                "index": 0,
                "ip_address": "192.168.101.16",
                "ipv4": true,
                "ipv6": false,
                "ipv6_address": "",
                "ipv6_dns_record": [],
                "mac_address": "d0:0d:17:47:1a:99",
                "nat": true,
                "nat_dns_record": [],
                "nat_ip_address": "158.160.106.203",
                "nat_ip_version": "IPV4",
                "security_group_ids": [],
                "subnet_id": "e9bch86d3ge41bde9va0"
              }
            ],
            "placement_policy": [
              {
                "host_affinity_rules": [],
                "placement_group_id": ""
              }
            ],
            "platform_id": "standard-v1",
            "resources": [
              {
                "core_fraction": 100,
                "cores": 4,
                "gpus": 0,
                "memory": 8
              }
            ],
            "scheduling_policy": [
              {
                "preemptible": false
              }
            ],
            "secondary_disk": [],
            "service_account_id": "",
            "status": "running",
            "timeouts": null,
            "zone": "ru-central1-a"
          },
          "sensitive_attributes": [],
          "private": "eyJlMmJmYjczMC1lY2FhLTExZTYtOGY4OC0zNDM2M2JjN2M0YzAiOnsiY3JlYXRlIjozMDAwMDAwMDAwMDAsImRlbGV0ZSI6MzAwMDAwMDAwMDAwLCJ1cGRhdGUiOjMwMDAwMDAwMDAwMH0sInNjaGVtYV92ZXJzaW9uIjoiMSJ9",
          "dependencies": [
            "yandex_vpc_subnet.default"
          ]
        }
      ]
    },
    {
      "mode": "managed",
      "type": "yandex_vpc_network",
      "name": "default",
      "provider": "provider[\"registry.terraform.io/yandex-cloud/yandex\"]",
      "instances": [
        {
          "schema_version": 0,
          "attributes": {
            "created_at": "2023-05-19T12:04:39Z",
            "default_security_group_id": "",
            "description": "",
            "folder_id": "b1g1vpnntsl2uu60vg3l",
            "id": "enpr18ch5892p8j3pqog",
            "labels": {},
            "name": "net",
            "subnet_ids": [
              "e9bch86d3ge41bde9va0"
            ],
            "timeouts": null
          },
          "sensitive_attributes": [],
          "private": "eyJlMmJmYjczMC1lY2FhLTExZTYtOGY4OC0zNDM2M2JjN2M0YzAiOnsiY3JlYXRlIjo2MDAwMDAwMDAwMCwiZGVsZXRlIjo2MDAwMDAwMDAwMCwidXBkYXRlIjo2MDAwMDAwMDAwMH19"
        }
      ]
    },
    {
      "mode": "managed",
      "type": "yandex_vpc_subnet",
      "name": "default",
      "provider": "provider[\"registry.terraform.io/yandex-cloud/yandex\"]",
      "instances": [
        {
          "schema_version": 0,
          "attributes": {
            "created_at": "2023-05-19T12:04:41Z",
            "description": "",
            "dhcp_options": [],
            "folder_id": "b1g1vpnntsl2uu60vg3l",
            "id": "e9bch86d3ge41bde9va0",
            "labels": {},
            "name": "subnet",
            "network_id": "enpr18ch5892p8j3pqog",
            "route_table_id": "",
            "timeouts": null,
            "v4_cidr_blocks": [
              "192.168.101.0/24"
            ],
            "v6_cidr_blocks": [],
            "zone": "ru-central1-a"
          },
          "sensitive_attributes": [],
          "private": "eyJlMmJmYjczMC1lY2FhLTExZTYtOGY4OC0zNDM2M2JjN2M0YzAiOnsiY3JlYXRlIjoxODAwMDAwMDAwMDAsImRlbGV0ZSI6MTgwMDAwMDAwMDAwLCJ1cGRhdGUiOjE4MDAwMDAwMDAwMH19",
          "dependencies": [
            "yandex_vpc_network.default"
          ]
        }
      ]
    }
  ],
  "check_results": null
}
